# THIS IS AN AUTOGENERATED FILE. DO NOT EDIT THIS FILE DIRECTLY.
# yarn lockfile v1


jquery@>=1.7, jquery@^3.3.1:
  version "3.3.1"
  resolved "https://registry.yarnpkg.com/jquery/-/jquery-3.3.1.tgz#958ce29e81c9790f31be7792df5d4d95fc57fbca"

pickadate@^3.5.6:
  version "3.5.6"
  resolved "https://registry.yarnpkg.com/pickadate/-/pickadate-3.5.6.tgz#c998302343b79a19954fc49c45cc708347602806"
  dependencies:
    jquery ">=1.7"
